// !$*UTF8*$!
{
	archiveVersion = 1;
	classes = {
	};
	objectVersion = 56;
	objects = {

/* Begin PBXBuildFile section */
		D90ED74A2BB024DF00F2B833 /* ListView.swift in Sources */ = {isa = PBXBuildFile; fileRef = D90ED7492BB024DF00F2B833 /* ListView.swift */; };
		D90ED7522BB15A4700F2B833 /* NetworkManager.swift in Sources */ = {isa = PBXBuildFile; fileRef = D90ED7512BB15A4700F2B833 /* NetworkManager.swift */; };
		D90ED7542BB31DC900F2B833 /* CityResponseModel.swift in Sources */ = {isa = PBXBuildFile; fileRef = D90ED7532BB31DC900F2B833 /* CityResponseModel.swift */; };
		D93136DD2BA2E9D5000E5A10 /* MainPAgeView.swift in Sources */ = {isa = PBXBuildFile; fileRef = D93136DC2BA2E9D5000E5A10 /* MainPAgeView.swift */; };
		D93136DF2BA2EF20000E5A10 /* RentView.swift in Sources */ = {isa = PBXBuildFile; fileRef = D93136DE2BA2EF20000E5A10 /* RentView.swift */; };
		D93136E82BA87A4B000E5A10 /* CustomerMainPageView.swift in Sources */ = {isa = PBXBuildFile; fileRef = D93136E72BA87A4B000E5A10 /* CustomerMainPageView.swift */; };
		D934958A2B839A2A0067B9EA /* rentaboatApp.swift in Sources */ = {isa = PBXBuildFile; fileRef = D93495892B839A2A0067B9EA /* rentaboatApp.swift */; };
		D934958E2B839A2E0067B9EA /* Assets.xcassets in Resources */ = {isa = PBXBuildFile; fileRef = D934958D2B839A2E0067B9EA /* Assets.xcassets */; };
		D93495912B839A2E0067B9EA /* Preview Assets.xcassets in Resources */ = {isa = PBXBuildFile; fileRef = D93495902B839A2E0067B9EA /* Preview Assets.xcassets */; };
		D934959B2B839A2E0067B9EA /* rentaboatTests.swift in Sources */ = {isa = PBXBuildFile; fileRef = D934959A2B839A2E0067B9EA /* rentaboatTests.swift */; };
		D93495A52B839A2E0067B9EA /* rentaboatUITests.swift in Sources */ = {isa = PBXBuildFile; fileRef = D93495A42B839A2E0067B9EA /* rentaboatUITests.swift */; };
		D93495A72B839A2E0067B9EA /* rentaboatUITestsLaunchTests.swift in Sources */ = {isa = PBXBuildFile; fileRef = D93495A62B839A2E0067B9EA /* rentaboatUITestsLaunchTests.swift */; };
		D9F863672BB457E100C5F2EF /* CustomerPageViewModel.swift in Sources */ = {isa = PBXBuildFile; fileRef = D9F863662BB457E100C5F2EF /* CustomerPageViewModel.swift */; };
		D9F8636A2BB6FE1800C5F2EF /* TownResponseModel.swift in Sources */ = {isa = PBXBuildFile; fileRef = D9F863692BB6FE1800C5F2EF /* TownResponseModel.swift */; };
		D9F863752BB730CC00C5F2EF /* cities.json in Resources */ = {isa = PBXBuildFile; fileRef = D9F863732BB730CC00C5F2EF /* cities.json */; };
		D9F863762BB730CC00C5F2EF /* towns.json in Resources */ = {isa = PBXBuildFile; fileRef = D9F863742BB730CC00C5F2EF /* towns.json */; };
/* End PBXBuildFile section */

/* Begin PBXContainerItemProxy section */
		D93495972B839A2E0067B9EA /* PBXContainerItemProxy */ = {
			isa = PBXContainerItemProxy;
			containerPortal = D934957E2B839A2A0067B9EA /* Project object */;
			proxyType = 1;
			remoteGlobalIDString = D93495852B839A2A0067B9EA;
			remoteInfo = rentaboat;
		};
		D93495A12B839A2E0067B9EA /* PBXContainerItemProxy */ = {
			isa = PBXContainerItemProxy;
			containerPortal = D934957E2B839A2A0067B9EA /* Project object */;
			proxyType = 1;
			remoteGlobalIDString = D93495852B839A2A0067B9EA;
			remoteInfo = rentaboat;
		};
/* End PBXContainerItemProxy section */

/* Begin PBXFileReference section */
		D90ED7492BB024DF00F2B833 /* ListView.swift */ = {isa = PBXFileReference; lastKnownFileType = sourcecode.swift; path = ListView.swift; sourceTree = "<group>"; };
		D90ED7512BB15A4700F2B833 /* NetworkManager.swift */ = {isa = PBXFileReference; lastKnownFileType = sourcecode.swift; path = NetworkManager.swift; sourceTree = "<group>"; };
		D90ED7532BB31DC900F2B833 /* CityResponseModel.swift */ = {isa = PBXFileReference; lastKnownFileType = sourcecode.swift; path = CityResponseModel.swift; sourceTree = "<group>"; };
		D93136DC2BA2E9D5000E5A10 /* MainPAgeView.swift */ = {isa = PBXFileReference; lastKnownFileType = sourcecode.swift; path = MainPAgeView.swift; sourceTree = "<group>"; };
		D93136DE2BA2EF20000E5A10 /* RentView.swift */ = {isa = PBXFileReference; lastKnownFileType = sourcecode.swift; path = RentView.swift; sourceTree = "<group>"; };
		D93136E72BA87A4B000E5A10 /* CustomerMainPageView.swift */ = {isa = PBXFileReference; lastKnownFileType = sourcecode.swift; path = CustomerMainPageView.swift; sourceTree = "<group>"; };
		D93495862B839A2A0067B9EA /* rentaboat.app */ = {isa = PBXFileReference; explicitFileType = wrapper.application; includeInIndex = 0; path = rentaboat.app; sourceTree = BUILT_PRODUCTS_DIR; };
		D93495892B839A2A0067B9EA /* rentaboatApp.swift */ = {isa = PBXFileReference; lastKnownFileType = sourcecode.swift; path = rentaboatApp.swift; sourceTree = "<group>"; };
		D934958D2B839A2E0067B9EA /* Assets.xcassets */ = {isa = PBXFileReference; lastKnownFileType = folder.assetcatalog; path = Assets.xcassets; sourceTree = "<group>"; };
		D93495902B839A2E0067B9EA /* Preview Assets.xcassets */ = {isa = PBXFileReference; lastKnownFileType = folder.assetcatalog; path = "Preview Assets.xcassets"; sourceTree = "<group>"; };
		D93495962B839A2E0067B9EA /* rentaboatTests.xctest */ = {isa = PBXFileReference; explicitFileType = wrapper.cfbundle; includeInIndex = 0; path = rentaboatTests.xctest; sourceTree = BUILT_PRODUCTS_DIR; };
		D934959A2B839A2E0067B9EA /* rentaboatTests.swift */ = {isa = PBXFileReference; lastKnownFileType = sourcecode.swift; path = rentaboatTests.swift; sourceTree = "<group>"; };
		D93495A02B839A2E0067B9EA /* rentaboatUITests.xctest */ = {isa = PBXFileReference; explicitFileType = wrapper.cfbundle; includeInIndex = 0; path = rentaboatUITests.xctest; sourceTree = BUILT_PRODUCTS_DIR; };
		D93495A42B839A2E0067B9EA /* rentaboatUITests.swift */ = {isa = PBXFileReference; lastKnownFileType = sourcecode.swift; path = rentaboatUITests.swift; sourceTree = "<group>"; };
		D93495A62B839A2E0067B9EA /* rentaboatUITestsLaunchTests.swift */ = {isa = PBXFileReference; lastKnownFileType = sourcecode.swift; path = rentaboatUITestsLaunchTests.swift; sourceTree = "<group>"; };
		D9F863662BB457E100C5F2EF /* CustomerPageViewModel.swift */ = {isa = PBXFileReference; lastKnownFileType = sourcecode.swift; path = CustomerPageViewModel.swift; sourceTree = "<group>"; };
		D9F863692BB6FE1800C5F2EF /* TownResponseModel.swift */ = {isa = PBXFileReference; lastKnownFileType = sourcecode.swift; path = TownResponseModel.swift; sourceTree = "<group>"; };
		D9F863732BB730CC00C5F2EF /* cities.json */ = {isa = PBXFileReference; fileEncoding = 4; lastKnownFileType = text.json; path = cities.json; sourceTree = "<group>"; };
		D9F863742BB730CC00C5F2EF /* towns.json */ = {isa = PBXFileReference; fileEncoding = 4; lastKnownFileType = text.json; path = towns.json; sourceTree = "<group>"; };
/* End PBXFileReference section */

/* Begin PBXFrameworksBuildPhase section */
		D93495832B839A2A0067B9EA /* Frameworks */ = {
			isa = PBXFrameworksBuildPhase;
			buildActionMask = 2147483647;
			files = (
			);
			runOnlyForDeploymentPostprocessing = 0;
		};
		D93495932B839A2E0067B9EA /* Frameworks */ = {
			isa = PBXFrameworksBuildPhase;
			buildActionMask = 2147483647;
			files = (
			);
			runOnlyForDeploymentPostprocessing = 0;
		};
		D934959D2B839A2E0067B9EA /* Frameworks */ = {
			isa = PBXFrameworksBuildPhase;
			buildActionMask = 2147483647;
			files = (
			);
			runOnlyForDeploymentPostprocessing = 0;
		};
/* End PBXFrameworksBuildPhase section */

/* Begin PBXGroup section */
		D90ED74F2BB1585100F2B833 /* Network */ = {
			isa = PBXGroup;
			children = (
				D90ED7512BB15A4700F2B833 /* NetworkManager.swift */,
			);
			path = Network;
			sourceTree = "<group>";
		};
		D90ED7502BB1586300F2B833 /* Model */ = {
			isa = PBXGroup;
			children = (
				D90ED7532BB31DC900F2B833 /* CityResponseModel.swift */,
				D9F863692BB6FE1800C5F2EF /* TownResponseModel.swift */,
			);
			path = Model;
			sourceTree = "<group>";
		};
		D934957D2B839A2A0067B9EA = {
			isa = PBXGroup;
			children = (
				D93495882B839A2A0067B9EA /* rentaboat */,
				D93495992B839A2E0067B9EA /* rentaboatTests */,
				D93495A32B839A2E0067B9EA /* rentaboatUITests */,
				D93495872B839A2A0067B9EA /* Products */,
			);
			sourceTree = "<group>";
		};
		D93495872B839A2A0067B9EA /* Products */ = {
			isa = PBXGroup;
			children = (
				D93495862B839A2A0067B9EA /* rentaboat.app */,
				D93495962B839A2E0067B9EA /* rentaboatTests.xctest */,
				D93495A02B839A2E0067B9EA /* rentaboatUITests.xctest */,
			);
			name = Products;
			sourceTree = "<group>";
		};
		D93495882B839A2A0067B9EA /* rentaboat */ = {
			isa = PBXGroup;
			children = (
				D9F863682BB68E9500C5F2EF /* CustomViews */,
				D9F863652BB457B600C5F2EF /* Customer */,
				D90ED7502BB1586300F2B833 /* Model */,
				D90ED74F2BB1585100F2B833 /* Network */,
				D93495892B839A2A0067B9EA /* rentaboatApp.swift */,
				D93136DE2BA2EF20000E5A10 /* RentView.swift */,
				D90ED7492BB024DF00F2B833 /* ListView.swift */,
				D93136DC2BA2E9D5000E5A10 /* MainPAgeView.swift */,
				D9F863732BB730CC00C5F2EF /* cities.json */,
				D9F863742BB730CC00C5F2EF /* towns.json */,
				D934958D2B839A2E0067B9EA /* Assets.xcassets */,
				D934958F2B839A2E0067B9EA /* Preview Content */,
			);
			path = rentaboat;
			sourceTree = "<group>";
		};
		D934958F2B839A2E0067B9EA /* Preview Content */ = {
			isa = PBXGroup;
			children = (
				D93495902B839A2E0067B9EA /* Preview Assets.xcassets */,
			);
			path = "Preview Content";
			sourceTree = "<group>";
		};
		D93495992B839A2E0067B9EA /* rentaboatTests */ = {
			isa = PBXGroup;
			children = (
				D934959A2B839A2E0067B9EA /* rentaboatTests.swift */,
			);
			path = rentaboatTests;
			sourceTree = "<group>";
		};
		D93495A32B839A2E0067B9EA /* rentaboatUITests */ = {
			isa = PBXGroup;
			children = (
				D93495A42B839A2E0067B9EA /* rentaboatUITests.swift */,
				D93495A62B839A2E0067B9EA /* rentaboatUITestsLaunchTests.swift */,
			);
			path = rentaboatUITests;
			sourceTree = "<group>";
		};
		D9F863652BB457B600C5F2EF /* Customer */ = {
			isa = PBXGroup;
			children = (
				D93136E72BA87A4B000E5A10 /* CustomerMainPageView.swift */,
				D9F863662BB457E100C5F2EF /* CustomerPageViewModel.swift */,
			);
			path = Customer;
			sourceTree = "<group>";
		};
		D9F863682BB68E9500C5F2EF /* CustomViews */ = {
			isa = PBXGroup;
			children = (
			);
			path = CustomViews;
			sourceTree = "<group>";
		};
/* End PBXGroup section */

/* Begin PBXNativeTarget section */
		D93495852B839A2A0067B9EA /* rentaboat */ = {
			isa = PBXNativeTarget;
			buildConfigurationList = D93495AA2B839A2E0067B9EA /* Build configuration list for PBXNativeTarget "rentaboat" */;
			buildPhases = (
				D93495822B839A2A0067B9EA /* Sources */,
				D93495832B839A2A0067B9EA /* Frameworks */,
				D93495842B839A2A0067B9EA /* Resources */,
			);
			buildRules = (
			);
			dependencies = (
			);
			name = rentaboat;
			productName = rentaboat;
			productReference = D93495862B839A2A0067B9EA /* rentaboat.app */;
			productType = "com.apple.product-type.application";
		};
		D93495952B839A2E0067B9EA /* rentaboatTests */ = {
			isa = PBXNativeTarget;
			buildConfigurationList = D93495AD2B839A2E0067B9EA /* Build configuration list for PBXNativeTarget "rentaboatTests" */;
			buildPhases = (
				D93495922B839A2E0067B9EA /* Sources */,
				D93495932B839A2E0067B9EA /* Frameworks */,
				D93495942B839A2E0067B9EA /* Resources */,
			);
			buildRules = (
			);
			dependencies = (
				D93495982B839A2E0067B9EA /* PBXTargetDependency */,
			);
			name = rentaboatTests;
			productName = rentaboatTests;
			productReference = D93495962B839A2E0067B9EA /* rentaboatTests.xctest */;
			productType = "com.apple.product-type.bundle.unit-test";
		};
		D934959F2B839A2E0067B9EA /* rentaboatUITests */ = {
			isa = PBXNativeTarget;
			buildConfigurationList = D93495B02B839A2E0067B9EA /* Build configuration list for PBXNativeTarget "rentaboatUITests" */;
			buildPhases = (
				D934959C2B839A2E0067B9EA /* Sources */,
				D934959D2B839A2E0067B9EA /* Frameworks */,
				D934959E2B839A2E0067B9EA /* Resources */,
			);
			buildRules = (
			);
			dependencies = (
				D93495A22B839A2E0067B9EA /* PBXTargetDependency */,
			);
			name = rentaboatUITests;
			productName = rentaboatUITests;
			productReference = D93495A02B839A2E0067B9EA /* rentaboatUITests.xctest */;
			productType = "com.apple.product-type.bundle.ui-testing";
		};
/* End PBXNativeTarget section */

/* Begin PBXProject section */
		D934957E2B839A2A0067B9EA /* Project object */ = {
			isa = PBXProject;
			attributes = {
				BuildIndependentTargetsInParallel = 1;
				LastSwiftUpdateCheck = 1520;
				LastUpgradeCheck = 1520;
				TargetAttributes = {
					D93495852B839A2A0067B9EA = {
						CreatedOnToolsVersion = 15.2;
					};
					D93495952B839A2E0067B9EA = {
						CreatedOnToolsVersion = 15.2;
						TestTargetID = D93495852B839A2A0067B9EA;
					};
					D934959F2B839A2E0067B9EA = {
						CreatedOnToolsVersion = 15.2;
						TestTargetID = D93495852B839A2A0067B9EA;
					};
				};
			};
			buildConfigurationList = D93495812B839A2A0067B9EA /* Build configuration list for PBXProject "rentaboat" */;
			compatibilityVersion = "Xcode 14.0";
			developmentRegion = en;
			hasScannedForEncodings = 0;
			knownRegions = (
				en,
				Base,
			);
			mainGroup = D934957D2B839A2A0067B9EA;
			productRefGroup = D93495872B839A2A0067B9EA /* Products */;
			projectDirPath = "";
			projectRoot = "";
			targets = (
				D93495852B839A2A0067B9EA /* rentaboat */,
				D93495952B839A2E0067B9EA /* rentaboatTests */,
				D934959F2B839A2E0067B9EA /* rentaboatUITests */,
			);
		};
/* End PBXProject section */

/* Begin PBXResourcesBuildPhase section */
		D93495842B839A2A0067B9EA /* Resources */ = {
			isa = PBXResourcesBuildPhase;
			buildActionMask = 2147483647;
			files = (
				D9F863752BB730CC00C5F2EF /* cities.json in Resources */,
				D9F863762BB730CC00C5F2EF /* towns.json in Resources */,
				D93495912B839A2E0067B9EA /* Preview Assets.xcassets in Resources */,
				D934958E2B839A2E0067B9EA /* Assets.xcassets in Resources */,
			);
			runOnlyForDeploymentPostprocessing = 0;
		};
		D93495942B839A2E0067B9EA /* Resources */ = {
			isa = PBXResourcesBuildPhase;
			buildActionMask = 2147483647;
			files = (
			);
			runOnlyForDeploymentPostprocessing = 0;
		};
		D934959E2B839A2E0067B9EA /* Resources */ = {
			isa = PBXResourcesBuildPhase;
			buildActionMask = 2147483647;
			files = (
			);
			runOnlyForDeploymentPostprocessing = 0;
		};
/* End PBXResourcesBuildPhase section */

/* Begin PBXSourcesBuildPhase section */
		D93495822B839A2A0067B9EA /* Sources */ = {
			isa = PBXSourcesBuildPhase;
			buildActionMask = 2147483647;
			files = (
				D90ED7522BB15A4700F2B833 /* NetworkManager.swift in Sources */,
				D9F863672BB457E100C5F2EF /* CustomerPageViewModel.swift in Sources */,
				D93136DD2BA2E9D5000E5A10 /* MainPAgeView.swift in Sources */,
				D93136E82BA87A4B000E5A10 /* CustomerMainPageView.swift in Sources */,
				D90ED74A2BB024DF00F2B833 /* ListView.swift in Sources */,
				D93136DF2BA2EF20000E5A10 /* RentView.swift in Sources */,
				D90ED7542BB31DC900F2B833 /* CityResponseModel.swift in Sources */,
				D934958A2B839A2A0067B9EA /* rentaboatApp.swift in Sources */,
				D9F8636A2BB6FE1800C5F2EF /* TownResponseModel.swift in Sources */,
			);
			runOnlyForDeploymentPostprocessing = 0;
		};
		D93495922B839A2E0067B9EA /* Sources */ = {
			isa = PBXSourcesBuildPhase;
			buildActionMask = 2147483647;
			files = (
				D934959B2B839A2E0067B9EA /* rentaboatTests.swift in Sources */,
			);
			runOnlyForDeploymentPostprocessing = 0;
		};
		D934959C2B839A2E0067B9EA /* Sources */ = {
			isa = PBXSourcesBuildPhase;
			buildActionMask = 2147483647;
			files = (
				D93495A52B839A2E0067B9EA /* rentaboatUITests.swift in Sources */,
				D93495A72B839A2E0067B9EA /* rentaboatUITestsLaunchTests.swift in Sources */,
			);
			runOnlyForDeploymentPostprocessing = 0;
		};
/* End PBXSourcesBuildPhase section */

/* Begin PBXTargetDependency section */
		D93495982B839A2E0067B9EA /* PBXTargetDependency */ = {
			isa = PBXTargetDependency;
			target = D93495852B839A2A0067B9EA /* rentaboat */;
			targetProxy = D93495972B839A2E0067B9EA /* PBXContainerItemProxy */;
		};
		D93495A22B839A2E0067B9EA /* PBXTargetDependency */ = {
			isa = PBXTargetDependency;
			target = D93495852B839A2A0067B9EA /* rentaboat */;
			targetProxy = D93495A12B839A2E0067B9EA /* PBXContainerItemProxy */;
		};
/* End PBXTargetDependency section */

/* Begin XCBuildConfiguration section */
		D93495A82B839A2E0067B9EA /* Debug */ = {
			isa = XCBuildConfiguration;
			buildSettings = {
				ALWAYS_SEARCH_USER_PATHS = NO;
				ASSETCATALOG_COMPILER_GENERATE_SWIFT_ASSET_SYMBOL_EXTENSIONS = YES;
				CLANG_ANALYZER_NONNULL = YES;
				CLANG_ANALYZER_NUMBER_OBJECT_CONVERSION = YES_AGGRESSIVE;
				CLANG_CXX_LANGUAGE_STANDARD = "gnu++20";
				CLANG_ENABLE_MODULES = YES;
				CLANG_ENABLE_OBJC_ARC = YES;
				CLANG_ENABLE_OBJC_WEAK = YES;
				CLANG_WARN_BLOCK_CAPTURE_AUTORELEASING = YES;
				CLANG_WARN_BOOL_CONVERSION = YES;
				CLANG_WARN_COMMA = YES;
				CLANG_WARN_CONSTANT_CONVERSION = YES;
				CLANG_WARN_DEPRECATED_OBJC_IMPLEMENTATIONS = YES;
				CLANG_WARN_DIRECT_OBJC_ISA_USAGE = YES_ERROR;
				CLANG_WARN_DOCUMENTATION_COMMENTS = YES;
				CLANG_WARN_EMPTY_BODY = YES;
				CLANG_WARN_ENUM_CONVERSION = YES;
				CLANG_WARN_INFINITE_RECURSION = YES;
				CLANG_WARN_INT_CONVERSION = YES;
				CLANG_WARN_NON_LITERAL_NULL_CONVERSION = YES;
				CLANG_WARN_OBJC_IMPLICIT_RETAIN_SELF = YES;
				CLANG_WARN_OBJC_LITERAL_CONVERSION = YES;
				CLANG_WARN_OBJC_ROOT_CLASS = YES_ERROR;
				CLANG_WARN_QUOTED_INCLUDE_IN_FRAMEWORK_HEADER = YES;
				CLANG_WARN_RANGE_LOOP_ANALYSIS = YES;
				CLANG_WARN_STRICT_PROTOTYPES = YES;
				CLANG_WARN_SUSPICIOUS_MOVE = YES;
				CLANG_WARN_UNGUARDED_AVAILABILITY = YES_AGGRESSIVE;
				CLANG_WARN_UNREACHABLE_CODE = YES;
				CLANG_WARN__DUPLICATE_METHOD_MATCH = YES;
				COPY_PHASE_STRIP = NO;
				DEBUG_INFORMATION_FORMAT = dwarf;
				ENABLE_STRICT_OBJC_MSGSEND = YES;
				ENABLE_TESTABILITY = YES;
				ENABLE_USER_SCRIPT_SANDBOXING = YES;
				GCC_C_LANGUAGE_STANDARD = gnu17;
				GCC_DYNAMIC_NO_PIC = NO;
				GCC_NO_COMMON_BLOCKS = YES;
				GCC_OPTIMIZATION_LEVEL = 0;
				GCC_PREPROCESSOR_DEFINITIONS = (
					"DEBUG=1",
					"$(inherited)",
				);
				GCC_WARN_64_TO_32_BIT_CONVERSION = YES;
				GCC_WARN_ABOUT_RETURN_TYPE = YES_ERROR;
				GCC_WARN_UNDECLARED_SELECTOR = YES;
				GCC_WARN_UNINITIALIZED_AUTOS = YES_AGGRESSIVE;
				GCC_WARN_UNUSED_FUNCTION = YES;
				GCC_WARN_UNUSED_VARIABLE = YES;
				IPHONEOS_DEPLOYMENT_TARGET = 17.2;
				LOCALIZATION_PREFERS_STRING_CATALOGS = YES;
				MTL_ENABLE_DEBUG_INFO = INCLUDE_SOURCE;
				MTL_FAST_MATH = YES;
				ONLY_ACTIVE_ARCH = YES;
				SDKROOT = iphoneos;
				SWIFT_ACTIVE_COMPILATION_CONDITIONS = "DEBUG $(inherited)";
				SWIFT_OPTIMIZATION_LEVEL = "-Onone";
			};
			name = Debug;
		};
		D93495A92B839A2E0067B9EA /* Release */ = {
			isa = XCBuildConfiguration;
			buildSettings = {
				ALWAYS_SEARCH_USER_PATHS = NO;
				ASSETCATALOG_COMPILER_GENERATE_SWIFT_ASSET_SYMBOL_EXTENSIONS = YES;
				CLANG_ANALYZER_NONNULL = YES;
				CLANG_ANALYZER_NUMBER_OBJECT_CONVERSION = YES_AGGRESSIVE;
				CLANG_CXX_LANGUAGE_STANDARD = "gnu++20";
				CLANG_ENABLE_MODULES = YES;
				CLANG_ENABLE_OBJC_ARC = YES;
				CLANG_ENABLE_OBJC_WEAK = YES;
				CLANG_WARN_BLOCK_CAPTURE_AUTORELEASING = YES;
				CLANG_WARN_BOOL_CONVERSION = YES;
				CLANG_WARN_COMMA = YES;
				CLANG_WARN_CONSTANT_CONVERSION = YES;
				CLANG_WARN_DEPRECATED_OBJC_IMPLEMENTATIONS = YES;
				CLANG_WARN_DIRECT_OBJC_ISA_USAGE = YES_ERROR;
				CLANG_WARN_DOCUMENTATION_COMMENTS = YES;
				CLANG_WARN_EMPTY_BODY = YES;
				CLANG_WARN_ENUM_CONVERSION = YES;
				CLANG_WARN_INFINITE_RECURSION = YES;
				CLANG_WARN_INT_CONVERSION = YES;
				CLANG_WARN_NON_LITERAL_NULL_CONVERSION = YES;
				CLANG_WARN_OBJC_IMPLICIT_RETAIN_SELF = YES;
				CLANG_WARN_OBJC_LITERAL_CONVERSION = YES;
				CLANG_WARN_OBJC_ROOT_CLASS = YES_ERROR;
				CLANG_WARN_QUOTED_INCLUDE_IN_FRAMEWORK_HEADER = YES;
				CLANG_WARN_RANGE_LOOP_ANALYSIS = YES;
				CLANG_WARN_STRICT_PROTOTYPES = YES;
				CLANG_WARN_SUSPICIOUS_MOVE = YES;
				CLANG_WARN_UNGUARDED_AVAILABILITY = YES_AGGRESSIVE;
				CLANG_WARN_UNREACHABLE_CODE = YES;
				CLANG_WARN__DUPLICATE_METHOD_MATCH = YES;
				COPY_PHASE_STRIP = NO;
				DEBUG_INFORMATION_FORMAT = "dwarf-with-dsym";
				ENABLE_NS_ASSERTIONS = NO;
				ENABLE_STRICT_OBJC_MSGSEND = YES;
				ENABLE_USER_SCRIPT_SANDBOXING = YES;
				GCC_C_LANGUAGE_STANDARD = gnu17;
				GCC_NO_COMMON_BLOCKS = YES;
				GCC_WARN_64_TO_32_BIT_CONVERSION = YES;
				GCC_WARN_ABOUT_RETURN_TYPE = YES_ERROR;
				GCC_WARN_UNDECLARED_SELECTOR = YES;
				GCC_WARN_UNINITIALIZED_AUTOS = YES_AGGRESSIVE;
				GCC_WARN_UNUSED_FUNCTION = YES;
				GCC_WARN_UNUSED_VARIABLE = YES;
				IPHONEOS_DEPLOYMENT_TARGET = 17.2;
				LOCALIZATION_PREFERS_STRING_CATALOGS = YES;
				MTL_ENABLE_DEBUG_INFO = NO;
				MTL_FAST_MATH = YES;
				SDKROOT = iphoneos;
				SWIFT_COMPILATION_MODE = wholemodule;
				VALIDATE_PRODUCT = YES;
			};
			name = Release;
		};
		D93495AB2B839A2E0067B9EA /* Debug */ = {
			isa = XCBuildConfiguration;
			buildSettings = {
				ASSETCATALOG_COMPILER_APPICON_NAME = AppIcon;
				ASSETCATALOG_COMPILER_GLOBAL_ACCENT_COLOR_NAME = AccentColor;
				CODE_SIGN_STYLE = Automatic;
				CURRENT_PROJECT_VERSION = 1;
				DEVELOPMENT_ASSET_PATHS = "\"rentaboat/Preview Content\"";
				DEVELOPMENT_TEAM = 379P2B4P77;
				ENABLE_PREVIEWS = YES;
				GENERATE_INFOPLIST_FILE = YES;
				INFOPLIST_KEY_UIApplicationSceneManifest_Generation = YES;
				INFOPLIST_KEY_UIApplicationSupportsIndirectInputEvents = YES;
				INFOPLIST_KEY_UILaunchScreen_Generation = YES;
				INFOPLIST_KEY_UISupportedInterfaceOrientations_iPad = "UIInterfaceOrientationPortrait UIInterfaceOrientationPortraitUpsideDown UIInterfaceOrientationLandscapeLeft UIInterfaceOrientationLandscapeRight";
				INFOPLIST_KEY_UISupportedInterfaceOrientations_iPhone = "UIInterfaceOrientationPortrait UIInterfaceOrientationLandscapeLeft UIInterfaceOrientationLandscapeRight";
				LD_RUNPATH_SEARCH_PATHS = (
					"$(inherited)",
					"@executable_path/Frameworks",
				);
				MARKETING_VERSION = 1.0;
				PRODUCT_BUNDLE_IDENTIFIER = yasindalkilic.rentaboat;
				PRODUCT_NAME = "$(TARGET_NAME)";
				SWIFT_EMIT_LOC_STRINGS = YES;
				SWIFT_VERSION = 5.0;
				TARGETED_DEVICE_FAMILY = "1,2";
			};
			name = Debug;
		};
		D93495AC2B839A2E0067B9EA /* Release */ = {
			isa = XCBuildConfiguration;
			buildSettings = {
				ASSETCATALOG_COMPILER_APPICON_NAME = AppIcon;
				ASSETCATALOG_COMPILER_GLOBAL_ACCENT_COLOR_NAME = AccentColor;
				CODE_SIGN_STYLE = Automatic;
				CURRENT_PROJECT_VERSION = 1;
				DEVELOPMENT_ASSET_PATHS = "\"rentaboat/Preview Content\"";
				DEVELOPMENT_TEAM = 379P2B4P77;
				ENABLE_PREVIEWS = YES;
				GENERATE_INFOPLIST_FILE = YES;
				INFOPLIST_KEY_UIApplicationSceneManifest_Generation = YES;
				INFOPLIST_KEY_UIApplicationSupportsIndirectInputEvents = YES;
				INFOPLIST_KEY_UILaunchScreen_Generation = YES;
				INFOPLIST_KEY_UISupportedInterfaceOrientations_iPad = "UIInterfaceOrientationPortrait UIInterfaceOrientationPortraitUpsideDown UIInterfaceOrientationLandscapeLeft UIInterfaceOrientationLandscapeRight";
				INFOPLIST_KEY_UISupportedInterfaceOrientations_iPhone = "UIInterfaceOrientationPortrait UIInterfaceOrientationLandscapeLeft UIInterfaceOrientationLandscapeRight";
				LD_RUNPATH_SEARCH_PATHS = (
					"$(inherited)",
					"@executable_path/Frameworks",
				);
				MARKETING_VERSION = 1.0;
				PRODUCT_BUNDLE_IDENTIFIER = yasindalkilic.rentaboat;
				PRODUCT_NAME = "$(TARGET_NAME)";
				SWIFT_EMIT_LOC_STRINGS = YES;
				SWIFT_VERSION = 5.0;
				TARGETED_DEVICE_FAMILY = "1,2";
			};
			name = Release;
		};
		D93495AE2B839A2E0067B9EA /* Debug */ = {
			isa = XCBuildConfiguration;
			buildSettings = {
				ALWAYS_EMBED_SWIFT_STANDARD_LIBRARIES = YES;
				BUNDLE_LOADER = "$(TEST_HOST)";
				CODE_SIGN_STYLE = Automatic;
				CURRENT_PROJECT_VERSION = 1;
				DEVELOPMENT_TEAM = 379P2B4P77;
				GENERATE_INFOPLIST_FILE = YES;
				IPHONEOS_DEPLOYMENT_TARGET = 17.2;
				MARKETING_VERSION = 1.0;
				PRODUCT_BUNDLE_IDENTIFIER = yasindalkilic.rentaboatTests;
				PRODUCT_NAME = "$(TARGET_NAME)";
				SWIFT_EMIT_LOC_STRINGS = NO;
				SWIFT_VERSION = 5.0;
				TARGETED_DEVICE_FAMILY = "1,2";
				TEST_HOST = "$(BUILT_PRODUCTS_DIR)/rentaboat.app/$(BUNDLE_EXECUTABLE_FOLDER_PATH)/rentaboat";
			};
			name = Debug;
		};
		D93495AF2B839A2E0067B9EA /* Release */ = {
			isa = XCBuildConfiguration;
			buildSettings = {
				ALWAYS_EMBED_SWIFT_STANDARD_LIBRARIES = YES;
				BUNDLE_LOADER = "$(TEST_HOST)";
				CODE_SIGN_STYLE = Automatic;
				CURRENT_PROJECT_VERSION = 1;
				DEVELOPMENT_TEAM = 379P2B4P77;
				GENERATE_INFOPLIST_FILE = YES;
				IPHONEOS_DEPLOYMENT_TARGET = 17.2;
				MARKETING_VERSION = 1.0;
				PRODUCT_BUNDLE_IDENTIFIER = yasindalkilic.rentaboatTests;
				PRODUCT_NAME = "$(TARGET_NAME)";
				SWIFT_EMIT_LOC_STRINGS = NO;
				SWIFT_VERSION = 5.0;
				TARGETED_DEVICE_FAMILY = "1,2";
				TEST_HOST = "$(BUILT_PRODUCTS_DIR)/rentaboat.app/$(BUNDLE_EXECUTABLE_FOLDER_PATH)/rentaboat";
			};
			name = Release;
		};
		D93495B12B839A2E0067B9EA /* Debug */ = {
			isa = XCBuildConfiguration;
			buildSettings = {
				ALWAYS_EMBED_SWIFT_STANDARD_LIBRARIES = YES;
				CODE_SIGN_STYLE = Automatic;
				CURRENT_PROJECT_VERSION = 1;
				DEVELOPMENT_TEAM = 379P2B4P77;
				GENERATE_INFOPLIST_FILE = YES;
				MARKETING_VERSION = 1.0;
				PRODUCT_BUNDLE_IDENTIFIER = yasindalkilic.rentaboatUITests;
				PRODUCT_NAME = "$(TARGET_NAME)";
				SWIFT_EMIT_LOC_STRINGS = NO;
				SWIFT_VERSION = 5.0;
				TARGETED_DEVICE_FAMILY = "1,2";
				TEST_TARGET_NAME = rentaboat;
			};
			name = Debug;
		};
		D93495B22B839A2E0067B9EA /* Release */ = {
			isa = XCBuildConfiguration;
			buildSettings = {
				ALWAYS_EMBED_SWIFT_STANDARD_LIBRARIES = YES;
				CODE_SIGN_STYLE = Automatic;
				CURRENT_PROJECT_VERSION = 1;
				DEVELOPMENT_TEAM = 379P2B4P77;
				GENERATE_INFOPLIST_FILE = YES;
				MARKETING_VERSION = 1.0;
				PRODUCT_BUNDLE_IDENTIFIER = yasindalkilic.rentaboatUITests;
				PRODUCT_NAME = "$(TARGET_NAME)";
				SWIFT_EMIT_LOC_STRINGS = NO;
				SWIFT_VERSION = 5.0;
				TARGETED_DEVICE_FAMILY = "1,2";
				TEST_TARGET_NAME = rentaboat;
			};
			name = Release;
		};
/* End XCBuildConfiguration section */

/* Begin XCConfigurationList section */
		D93495812B839A2A0067B9EA /* Build configuration list for PBXProject "rentaboat" */ = {
			isa = XCConfigurationList;
			buildConfigurations = (
				D93495A82B839A2E0067B9EA /* Debug */,
				D93495A92B839A2E0067B9EA /* Release */,
			);
			defaultConfigurationIsVisible = 0;
			defaultConfigurationName = Release;
		};
		D93495AA2B839A2E0067B9EA /* Build configuration list for PBXNativeTarget "rentaboat" */ = {
			isa = XCConfigurationList;
			buildConfigurations = (
				D93495AB2B839A2E0067B9EA /* Debug */,
				D93495AC2B839A2E0067B9EA /* Release */,
			);
			defaultConfigurationIsVisible = 0;
			defaultConfigurationName = Release;
		};
		D93495AD2B839A2E0067B9EA /* Build configuration list for PBXNativeTarget "rentaboatTests" */ = {
			isa = XCConfigurationList;
			buildConfigurations = (
				D93495AE2B839A2E0067B9EA /* Debug */,
				D93495AF2B839A2E0067B9EA /* Release */,
			);
			defaultConfigurationIsVisible = 0;
			defaultConfigurationName = Release;
		};
		D93495B02B839A2E0067B9EA /* Build configuration list for PBXNativeTarget "rentaboatUITests" */ = {
			isa = XCConfigurationList;
			buildConfigurations = (
				D93495B12B839A2E0067B9EA /* Debug */,
				D93495B22B839A2E0067B9EA /* Release */,
			);
			defaultConfigurationIsVisible = 0;
			defaultConfigurationName = Release;
		};
/* End XCConfigurationList section */
	};
	rootObject = D934957E2B839A2A0067B9EA /* Project object */;
}
